
Microsoft Visual Studio Solution File, Format Version 12.00
# Visual Studio Version 17
VisualStudioVersion = 17.7.34031.279
MinimumVisualStudioVersion = 10.0.40219.1
Project("{FAE04EC0-301F-11D3-BF4B-00C04F79EFBC}") = "DZ3", "DZ3\DZ3.csproj", "{DC6C3476-1C24-4B84-AB30-50CB698ABD3B}"
EndProject
Project("{FAE04EC0-301F-11D3-BF4B-00C04F79EFBC}") = "DZ3.1", "DZ3.1\DZ3.1.csproj", "{0978FCB7-D788-4352-BF00-3FF23CDBE5B8}"
EndProject
Project("{FAE04EC0-301F-11D3-BF4B-00C04F79EFBC}") = "DZ0.2", "DZ0.2\DZ0.2.csproj", "{05CE25A8-CDF2-4B24-BD2C-555BCF315ED7}"
EndProject
Global
	GlobalSection(SolutionConfigurationPlatforms) = preSolution
		Debug|Any CPU = Debug|Any CPU
		Release|Any CPU = Release|Any CPU
	EndGlobalSection
	GlobalSection(ProjectConfigurationPlatforms) = postSolution
		{DC6C3476-1C24-4B84-AB30-50CB698ABD3B}.Debug|Any CPU.ActiveCfg = Debug|Any CPU
		{DC6C3476-1C24-4B84-AB30-50CB698ABD3B}.Debug|Any CPU.Build.0 = Debug|Any CPU
		{DC6C3476-1C24-4B84-AB30-50CB698ABD3B}.Release|Any CPU.ActiveCfg = Release|Any CPU
		{DC6C3476-1C24-4B84-AB30-50CB698ABD3B}.Release|Any CPU.Build.0 = Release|Any CPU
		{0978FCB7-D788-4352-BF00-3FF23CDBE5B8}.Debug|Any CPU.ActiveCfg = Debug|Any CPU
		{0978FCB7-D788-4352-BF00-3FF23CDBE5B8}.Debug|Any CPU.Build.0 = Debug|Any CPU
		{0978FCB7-D788-4352-BF00-3FF23CDBE5B8}.Release|Any CPU.ActiveCfg = Release|Any CPU
		{0978FCB7-D788-4352-BF00-3FF23CDBE5B8}.Release|Any CPU.Build.0 = Release|Any CPU
		{05CE25A8-CDF2-4B24-BD2C-555BCF315ED7}.Debug|Any CPU.ActiveCfg = Debug|Any CPU
		{05CE25A8-CDF2-4B24-BD2C-555BCF315ED7}.Debug|Any CPU.Build.0 = Debug|Any CPU
		{05CE25A8-CDF2-4B24-BD2C-555BCF315ED7}.Release|Any CPU.ActiveCfg = Release|Any CPU
		{05CE25A8-CDF2-4B24-BD2C-555BCF315ED7}.Release|Any CPU.Build.0 = Release|Any CPU
	EndGlobalSection
	GlobalSection(SolutionProperties) = preSolution
		HideSolutionNode = FALSE
	EndGlobalSection
	GlobalSection(ExtensibilityGlobals) = postSolution
		SolutionGuid = {DEC8C407-790A-4B61-8B06-2D4913C6A681}
	EndGlobalSection
EndGlobal
